dependencies:
- name: springbootapp-common
  repository: file://../springbootapp-common
  version: 1.0.0
- name: artistcommand
  repository: file://../microservice/artistcommand
  version: 1.0.0
- name: trackcommand
  repository: file://../microservice/trackcommand
  version: 1.0.0
digest: sha256:17101ae13ab83d7bde11b1a401665b76d6e83b73f34153dd0eb81cae264beac2
generated: "2025-03-13T17:31:21.704932+07:00"
