dependencies:
- name: springbootapp-common
  repository: file://../springbootapp-common
  version: 1.0.0
- name: artistcommand
  repository: file://../microservice/artistcommand
  version: 1.0.0
- name: artistquery
  repository: file://../microservice/artistquery
  version: 1.0.0
digest: sha256:d986b83db5548561305482b8ae2e1cb0b5eb26dfc0cdb9a37ca678256f0dc430
generated: "2025-03-03T02:38:52.162513+07:00"
